
Microsoft Visual Studio Solution File, Format Version 12.00
# Visual Studio Version 17
VisualStudioVersion = 17.0.31903.59
MinimumVisualStudioVersion = 10.0.40219.1
Project("{FAE04EC0-301F-11D3-BF4B-00C04F79EFBC}") = "API", "API\API.csproj", "{9DB995AA-AF59-46B5-8BCA-E20226216930}"
EndProject
Project("{FAE04EC0-301F-11D3-BF4B-00C04F79EFBC}") = "Infrastructure", "Infrastructure\Infrastructure.csproj", "{4DCC8488-5BC7-4208-BF2E-F1CCCB0974FB}"
EndProject
Project("{FAE04EC0-301F-11D3-BF4B-00C04F79EFBC}") = "Core", "Core\Core.csproj", "{DE963032-D0AD-4A6C-A719-EDC5A2E3CB48}"
EndProject
Global
	GlobalSection(SolutionConfigurationPlatforms) = preSolution
		Debug|Any CPU = Debug|Any CPU
		Debug|x64 = Debug|x64
		Debug|x86 = Debug|x86
		Release|Any CPU = Release|Any CPU
		Release|x64 = Release|x64
		Release|x86 = Release|x86
	EndGlobalSection
	GlobalSection(ProjectConfigurationPlatforms) = postSolution
		{9DB995AA-AF59-46B5-8BCA-E20226216930}.Debug|Any CPU.ActiveCfg = Debug|Any CPU
		{9DB995AA-AF59-46B5-8BCA-E20226216930}.Debug|Any CPU.Build.0 = Debug|Any CPU
		{9DB995AA-AF59-46B5-8BCA-E20226216930}.Debug|x64.ActiveCfg = Debug|Any CPU
		{9DB995AA-AF59-46B5-8BCA-E20226216930}.Debug|x64.Build.0 = Debug|Any CPU
		{9DB995AA-AF59-46B5-8BCA-E20226216930}.Debug|x86.ActiveCfg = Debug|Any CPU
		{9DB995AA-AF59-46B5-8BCA-E20226216930}.Debug|x86.Build.0 = Debug|Any CPU
		{9DB995AA-AF59-46B5-8BCA-E20226216930}.Release|Any CPU.ActiveCfg = Release|Any CPU
		{9DB995AA-AF59-46B5-8BCA-E20226216930}.Release|Any CPU.Build.0 = Release|Any CPU
		{9DB995AA-AF59-46B5-8BCA-E20226216930}.Release|x64.ActiveCfg = Release|Any CPU
		{9DB995AA-AF59-46B5-8BCA-E20226216930}.Release|x64.Build.0 = Release|Any CPU
		{9DB995AA-AF59-46B5-8BCA-E20226216930}.Release|x86.ActiveCfg = Release|Any CPU
		{9DB995AA-AF59-46B5-8BCA-E20226216930}.Release|x86.Build.0 = Release|Any CPU
		{4DCC8488-5BC7-4208-BF2E-F1CCCB0974FB}.Debug|Any CPU.ActiveCfg = Debug|Any CPU
		{4DCC8488-5BC7-4208-BF2E-F1CCCB0974FB}.Debug|Any CPU.Build.0 = Debug|Any CPU
		{4DCC8488-5BC7-4208-BF2E-F1CCCB0974FB}.Debug|x64.ActiveCfg = Debug|Any CPU
		{4DCC8488-5BC7-4208-BF2E-F1CCCB0974FB}.Debug|x64.Build.0 = Debug|Any CPU
		{4DCC8488-5BC7-4208-BF2E-F1CCCB0974FB}.Debug|x86.ActiveCfg = Debug|Any CPU
		{4DCC8488-5BC7-4208-BF2E-F1CCCB0974FB}.Debug|x86.Build.0 = Debug|Any CPU
		{4DCC8488-5BC7-4208-BF2E-F1CCCB0974FB}.Release|Any CPU.ActiveCfg = Release|Any CPU
		{4DCC8488-5BC7-4208-BF2E-F1CCCB0974FB}.Release|Any CPU.Build.0 = Release|Any CPU
		{4DCC8488-5BC7-4208-BF2E-F1CCCB0974FB}.Release|x64.ActiveCfg = Release|Any CPU
		{4DCC8488-5BC7-4208-BF2E-F1CCCB0974FB}.Release|x64.Build.0 = Release|Any CPU
		{4DCC8488-5BC7-4208-BF2E-F1CCCB0974FB}.Release|x86.ActiveCfg = Release|Any CPU
		{4DCC8488-5BC7-4208-BF2E-F1CCCB0974FB}.Release|x86.Build.0 = Release|Any CPU
		{DE963032-D0AD-4A6C-A719-EDC5A2E3CB48}.Debug|Any CPU.ActiveCfg = Debug|Any CPU
		{DE963032-D0AD-4A6C-A719-EDC5A2E3CB48}.Debug|Any CPU.Build.0 = Debug|Any CPU
		{DE963032-D0AD-4A6C-A719-EDC5A2E3CB48}.Debug|x64.ActiveCfg = Debug|Any CPU
		{DE963032-D0AD-4A6C-A719-EDC5A2E3CB48}.Debug|x64.Build.0 = Debug|Any CPU
		{DE963032-D0AD-4A6C-A719-EDC5A2E3CB48}.Debug|x86.ActiveCfg = Debug|Any CPU
		{DE963032-D0AD-4A6C-A719-EDC5A2E3CB48}.Debug|x86.Build.0 = Debug|Any CPU
		{DE963032-D0AD-4A6C-A719-EDC5A2E3CB48}.Release|Any CPU.ActiveCfg = Release|Any CPU
		{DE963032-D0AD-4A6C-A719-EDC5A2E3CB48}.Release|Any CPU.Build.0 = Release|Any CPU
		{DE963032-D0AD-4A6C-A719-EDC5A2E3CB48}.Release|x64.ActiveCfg = Release|Any CPU
		{DE963032-D0AD-4A6C-A719-EDC5A2E3CB48}.Release|x64.Build.0 = Release|Any CPU
		{DE963032-D0AD-4A6C-A719-EDC5A2E3CB48}.Release|x86.ActiveCfg = Release|Any CPU
		{DE963032-D0AD-4A6C-A719-EDC5A2E3CB48}.Release|x86.Build.0 = Release|Any CPU
	EndGlobalSection
	GlobalSection(SolutionProperties) = preSolution
		HideSolutionNode = FALSE
	EndGlobalSection
EndGlobal
